
Microsoft Visual Studio Solution File, Format Version 12.00
# Visual Studio Version 17
VisualStudioVersion = 17.14.36202.13 d17.14
MinimumVisualStudioVersion = 10.0.40219.1
Project("{FAE04EC0-301F-11D3-BF4B-00C04F79EFBC}") = "LawSearchLuceneDemo", "LawSearchLuceneDemo.csproj", "{B67E19CC-8005-486B-9830-FCA61CF47B3E}"
EndProject
Global
	GlobalSection(SolutionConfigurationPlatforms) = preSolution
		Debug|Any CPU = Debug|Any CPU
		Release|Any CPU = Release|Any CPU
	EndGlobalSection
	GlobalSection(ProjectConfigurationPlatforms) = postSolution
		{B67E19CC-8005-486B-9830-FCA61CF47B3E}.Debug|Any CPU.ActiveCfg = Debug|Any CPU
		{B67E19CC-8005-486B-9830-FCA61CF47B3E}.Debug|Any CPU.Build.0 = Debug|Any CPU
		{B67E19CC-8005-486B-9830-FCA61CF47B3E}.Release|Any CPU.ActiveCfg = Release|Any CPU
		{B67E19CC-8005-486B-9830-FCA61CF47B3E}.Release|Any CPU.Build.0 = Release|Any CPU
	EndGlobalSection
	GlobalSection(SolutionProperties) = preSolution
		HideSolutionNode = FALSE
	EndGlobalSection
	GlobalSection(ExtensibilityGlobals) = postSolution
		SolutionGuid = {A31F06F8-3B78-48CA-BF90-F4002C602D0D}
	EndGlobalSection
EndGlobal
